<?xml version="1.0" encoding="utf-8"?>
<Project ToolsVersion="4.0" xmlns="http://schemas.microsoft.com/developer/msbuild/2003">
  <ItemGroup>
    <Filter Include="Source Files">
      <UniqueIdentifier>{4FC737F1-C7A5-4376-A066-2A32D752A2FF}</UniqueIdentifier>
      <Extensions>cpp;c;cc;cxx;def;odl;idl;hpj;bat;asm;asmx</Extensions>
    </Filter>
    <Filter Include="Header Files">
      <UniqueIdentifier>{93995380-89BD-4b04-88EB-625FBE52EBFB}</UniqueIdentifier>
      <Extensions>h;hh;hpp;hxx;hm;inl;inc;xsd</Extensions>
    </Filter>
    <Filter Include="Source Files\Arduino">
      <UniqueIdentifier>{c13bc6ef-bb9a-43c5-bfa1-d53d243adee7}</UniqueIdentifier>
    </Filter>
    <Filter Include="Header Files\Arduino">
      <UniqueIdentifier>{0534d844-791e-4e6c-909e-5ca6d17d4914}</UniqueIdentifier>
    </Filter>
    <Filter Include="Header Files\Arduino\Graphics">
      <UniqueIdentifier>{157d88ec-2ed2-4ed8-8a17-f0f45761d3ce}</UniqueIdentifier>
    </Filter>
  </ItemGroup>
  <ItemGroup>
    <ClInclude Include="stdafx.h">
      <Filter>Header Files</Filter>
    </ClInclude>
    <ClInclude Include="targetver.h">
      <Filter>Header Files</Filter>
    </ClInclude>
    <ClInclude Include="ASR-1388_Driver.h">
      <Filter>Header Files</Filter>
    </ClInclude>
    <ClInclude Include="..\Sources\array_t.h">
      <Filter>Header Files\Arduino</Filter>
    </ClInclude>
    <ClInclude Include="..\Sources\cstdlib_ext.h">
      <Filter>Header Files\Arduino</Filter>
    </ClInclude>
    <ClInclude Include="..\Sources\type_traits_ext.h">
      <Filter>Header Files\Arduino</Filter>
    </ClInclude>
    <ClInclude Include="..\Sources\Graphics\geom_types.h">
      <Filter>Header Files\Arduino\Graphics</Filter>
    </ClInclude>
    <ClInclude Include="..\Sources\Graphics\Object.h">
      <Filter>Header Files\Arduino\Graphics</Filter>
    </ClInclude>
    <ClInclude Include="..\Sources\Graphics\Scene.h">
      <Filter>Header Files\Arduino\Graphics</Filter>
    </ClInclude>
    <ClInclude Include="..\Sources\Graphics\Screen.h">
      <Filter>Header Files\Arduino\Graphics</Filter>
    </ClInclude>
    <ClInclude Include="..\Sources\Graphics\Sprite.h">
      <Filter>Header Files\Arduino\Graphics</Filter>
    </ClInclude>
    <ClInclude Include="..\Sources\Graphics\Viewport.h">
      <Filter>Header Files\Arduino\Graphics</Filter>
    </ClInclude>
    <ClInclude Include="..\Sources\ASRSprite.h">
      <Filter>Header Files\Arduino</Filter>
    </ClInclude>
    <ClInclude Include="..\Sources\bitutility.h">
      <Filter>Header Files\Arduino</Filter>
    </ClInclude>
    <ClInclude Include="..\Sources\ASRTextScroller.h">
      <Filter>Header Files\Arduino</Filter>
    </ClInclude>
    <ClInclude Include="..\Sources\cmath_ext.h">
      <Filter>Header Files\Arduino</Filter>
    </ClInclude>
  </ItemGroup>
  <ItemGroup>
    <ClCompile Include="stdafx.cpp">
      <Filter>Source Files</Filter>
    </ClCompile>
    <ClCompile Include="ASR-1388_Driver.cpp">
      <Filter>Source Files</Filter>
    </ClCompile>
    <ClCompile Include="..\Sources\ASRSprite.cpp">
      <Filter>Source Files\Arduino</Filter>
    </ClCompile>
    <ClCompile Include="..\Sources\bitutility.cpp">
      <Filter>Source Files\Arduino</Filter>
    </ClCompile>
    <ClCompile Include="..\Sources\ASRTextScroller.cpp">
      <Filter>Source Files\Arduino</Filter>
    </ClCompile>
  </ItemGroup>
</Project>